
Microsoft Visual Studio Solution File, Format Version 12.00
# Visual Studio Version 16
VisualStudioVersion = 16.0.29920.165
MinimumVisualStudioVersion = 10.0.40219.1
Project("{9A19103F-16F7-4668-BE54-9A1E7A4F7556}") = "testovik", "testovik.csproj", "{CA761D44-2DC0-4AA5-98A3-5B34E306E34D}"
EndProject
Global
	GlobalSection(SolutionConfigurationPlatforms) = preSolution
		Debug|Any CPU = Debug|Any CPU
		Release|Any CPU = Release|Any CPU
	EndGlobalSection
	GlobalSection(ProjectConfigurationPlatforms) = postSolution
		{CA761D44-2DC0-4AA5-98A3-5B34E306E34D}.Debug|Any CPU.ActiveCfg = Debug|Any CPU
		{CA761D44-2DC0-4AA5-98A3-5B34E306E34D}.Debug|Any CPU.Build.0 = Debug|Any CPU
		{CA761D44-2DC0-4AA5-98A3-5B34E306E34D}.Release|Any CPU.ActiveCfg = Release|Any CPU
		{CA761D44-2DC0-4AA5-98A3-5B34E306E34D}.Release|Any CPU.Build.0 = Release|Any CPU
	EndGlobalSection
	GlobalSection(SolutionProperties) = preSolution
		HideSolutionNode = FALSE
	EndGlobalSection
	GlobalSection(ExtensibilityGlobals) = postSolution
		SolutionGuid = {3BC2DA61-2993-4D5D-B3F0-E9DF0014FA84}
	EndGlobalSection
EndGlobal
